Microsoft Visual Studio Solution File, Format Version 12.00
# Visual Studio 15
VisualStudioVersion = 15.0.27004.2005
MinimumVisualStudioVersion = 10.0.40219.1
Project("{2150E333-8FDC-42A3-9474-1A3956D46DE8}") = "Doc", "Doc", "{A20534F2-783B-48FF-95FE-FCEC104F86EA}"
	ProjectSection(SolutionItems) = preProject
		How To Run a Local Lobby and Server.txt = How To Run a Local Lobby and Server.txt
		..\src\license.txt = ..\src\license.txt
		lobby config file.txt = lobby config file.txt
		screens.txt = screens.txt
		..\src\SolapReadme.txt = ..\src\SolapReadme.txt
		..\src\todo.txt = ..\src\todo.txt
	EndProjectSection
EndProject
Project("{2150E333-8FDC-42A3-9474-1A3956D46DE8}") = "Includes", "Includes", "{CB653E02-7BBE-42DD-B662-71792DFD0513}"
	ProjectSection(SolutionItems) = preProject
		..\src\Inc\allegdb.h = ..\src\Inc\allegdb.h
		..\src\Inc\ClubMessages.h = ..\src\Inc\ClubMessages.h
		..\src\Inc\messagecore.h = ..\src\Inc\messagecore.h
		..\src\Inc\Messages.h = ..\src\Inc\Messages.h
		..\src\Inc\quickchat.h = ..\src\Inc\quickchat.h
		..\src\Inc\regkey.h = ..\src\Inc\regkey.h
		..\src\Inc\SlmVer.h = ..\src\Inc\SlmVer.h
		..\src\Inc\steam_appid.txt = ..\src\Inc\steam_appid.txt
		..\src\Inc\VerRes.rc = ..\src\Inc\VerRes.rc
	EndProjectSection
EndProject
Project("{2150E333-8FDC-42A3-9474-1A3956D46DE8}") = "Zone", "Zone", "{097F1EE3-FC08-412F-9A1A-1BD960818F05}"
	ProjectSection(SolutionItems) = preProject
		..\src\Zone\Medal.h = ..\src\Zone\Medal.h
		..\src\Zone\Member.h = ..\src\Zone\Member.h
		..\src\Zone\Squad.h = ..\src\Zone\Squad.h
		..\src\Zone\Zone.h = ..\src\Zone\Zone.h
	EndProjectSection
EndProject
Project("{2150E333-8FDC-42A3-9474-1A3956D46DE8}") = "TCAtl", "TCAtl", "{9F5D9D72-749F-4B6C-B134-416F54D3B7F6}"
	ProjectSection(SolutionItems) = preProject
		..\src\test\TCAtl\ComboBoxWindow.h = ..\src\test\TCAtl\ComboBoxWindow.h
		..\src\test\TCAtl\ComModule.h = ..\src\test\TCAtl\ComModule.h
		..\src\test\TCAtl\DualEventCall.h = ..\src\test\TCAtl\DualEventCall.h
		..\src\test\TCAtl\DualEventsCP.h = ..\src\test\TCAtl\DualEventsCP.h
		..\src\test\TCAtl\EditWindow.h = ..\src\test\TCAtl\EditWindow.h
		..\src\test\TCAtl\ErrorFormatter.h = ..\src\test\TCAtl\ErrorFormatter.h
		..\src\test\TCAtl\EventCall.h = ..\src\test\TCAtl\EventCall.h
		..\src\test\TCAtl\EventsCP.h = ..\src\test\TCAtl\EventsCP.h
		..\src\test\TCAtl\ExternalConnectionImpl.h = ..\src\test\TCAtl\ExternalConnectionImpl.h
		..\src\test\TCAtl\InsidePropPage.cpp = ..\src\test\TCAtl\InsidePropPage.cpp
		..\src\test\TCAtl\InsidePropPage.h = ..\src\test\TCAtl\InsidePropPage.h
		..\src\test\TCAtl\Message.txt = ..\src\test\TCAtl\Message.txt
		..\src\test\TCAtl\ObjectMap.h = ..\src\test\TCAtl\ObjectMap.h
		..\src\test\TCAtl\PageEntry.h = ..\src\test\TCAtl\PageEntry.h
		..\src\test\TCAtl\Persist.h = ..\src\test\TCAtl\Persist.h
		..\src\test\TCAtl\PropertyClass.cpp = ..\src\test\TCAtl\PropertyClass.cpp
		..\src\test\TCAtl\PropertyClass.h = ..\src\test\TCAtl\PropertyClass.h
		..\src\test\TCAtl\PropertyPageBase.cpp = ..\src\test\TCAtl\PropertyPageBase.cpp
		..\src\test\TCAtl\PropertyPageBase.h = ..\src\test\TCAtl\PropertyPageBase.h
		..\src\test\TCAtl\PropertyPageImpl.h = ..\src\test\TCAtl\PropertyPageImpl.h
		..\src\test\TCAtl\RangeValueImpl.h = ..\src\test\TCAtl\RangeValueImpl.h
		..\src\test\TCAtl\RangeValueSlider.cpp = ..\src\test\TCAtl\RangeValueSlider.cpp
		..\src\test\TCAtl\RangeValueSlider.h = ..\src\test\TCAtl\RangeValueSlider.h
		..\src\test\TCAtl\SimpleNotifyReflector.h = ..\src\test\TCAtl\SimpleNotifyReflector.h
		..\src\test\TCAtl\SimpleStream.h = ..\src\test\TCAtl\SimpleStream.h
		..\src\test\TCAtl\SliderWindow.h = ..\src\test\TCAtl\SliderWindow.h
		..\src\test\TCAtl\TCNullStreamImpl.cpp = ..\src\test\TCAtl\TCNullStreamImpl.cpp
		..\src\test\TCAtl\TCNullStreamImpl.h = ..\src\test\TCAtl\TCNullStreamImpl.h
		..\src\test\TCAtl\UserAcct.cpp = ..\src\test\TCAtl\UserAcct.cpp
		..\src\test\TCAtl\UserAcct.h = ..\src\test\TCAtl\UserAcct.h
		..\src\test\TCAtl\VersionInfoImpl.h = ..\src\test\TCAtl\VersionInfoImpl.h
		..\src\test\TCAtl\VersionInfoImpl.idl = ..\src\test\TCAtl\VersionInfoImpl.idl
		..\src\test\TCAtl\WindowThread.h = ..\src\test\TCAtl\WindowThread.h
	EndProjectSection
EndProject
Project("{8BC9CEB8-8B4A-11D0-8D11-00A0C91BC942}") = "Zlib", "ZLibrary.vcxproj", "{21C70CA0-24C5-475B-8C47-6F0226A374B0}"
EndProject
Project("{8BC9CEB8-8B4A-11D0-8D11-00A0C91BC942}") = "Guids", "Guids.vcxproj", "{FA223B93-BCFB-48FA-B9DD-DB9DBBC8F314}"
EndProject
Project("{8BC9CEB8-8B4A-11D0-8D11-00A0C91BC942}") = "Utility", "Utility.vcxproj", "{3853A2C5-F219-4C7D-841A-9407A7AEAE9D}"
	ProjectSection(ProjectDependencies) = postProject
		{FA223B93-BCFB-48FA-B9DD-DB9DBBC8F314} = {FA223B93-BCFB-48FA-B9DD-DB9DBBC8F314}
		{21C70CA0-24C5-475B-8C47-6F0226A374B0} = {21C70CA0-24C5-475B-8C47-6F0226A374B0}
	EndProjectSection
EndProject
Project("{8BC9CEB8-8B4A-11D0-8D11-00A0C91BC942}") = "SoundEngine", "SoundEngine.vcxproj", "{F81BB9EE-DD86-415E-87E3-B60732EFD72F}"
EndProject
Project("{8BC9CEB8-8B4A-11D0-8D11-00A0C91BC942}") = "Igc", "Igc.vcxproj", "{BF99DCB8-4127-4403-82C9-72190C6ABF5F}"
EndProject
Project("{8BC9CEB8-8B4A-11D0-8D11-00A0C91BC942}") = "ClintLib", "ClintLib.vcxproj", "{557CA42C-AA39-4C44-A998-0452F8C55851}"
EndProject
Project("{8BC9CEB8-8B4A-11D0-8D11-00A0C91BC942}") = "Allegiance", "Allegiance.vcxproj", "{3702DB5A-C966-4133-824F-5958F4BF9BCF}"
	ProjectSection(ProjectDependencies) = postProject
		{557CA42C-AA39-4C44-A998-0452F8C55851} = {557CA42C-AA39-4C44-A998-0452F8C55851}
		{D619B179-7FC4-4DB6-9794-1D3C75717D15} = {D619B179-7FC4-4DB6-9794-1D3C75717D15}
		{4F83287A-FF3C-4333-AD5F-C00B86CF0895} = {4F83287A-FF3C-4333-AD5F-C00B86CF0895}
		{FA223B93-BCFB-48FA-B9DD-DB9DBBC8F314} = {FA223B93-BCFB-48FA-B9DD-DB9DBBC8F314}
		{21C70CA0-24C5-475B-8C47-6F0226A374B0} = {21C70CA0-24C5-475B-8C47-6F0226A374B0}
		{BF99DCB8-4127-4403-82C9-72190C6ABF5F} = {BF99DCB8-4127-4403-82C9-72190C6ABF5F}
		{3853A2C5-F219-4C7D-841A-9407A7AEAE9D} = {3853A2C5-F219-4C7D-841A-9407A7AEAE9D}
		{281F3AC6-FAD1-40F4-B798-F634A6162D39} = {281F3AC6-FAD1-40F4-B798-F634A6162D39}
		{F81BB9EE-DD86-415E-87E3-B60732EFD72F} = {F81BB9EE-DD86-415E-87E3-B60732EFD72F}
	EndProjectSection
EndProject
Project("{8BC9CEB8-8B4A-11D0-8D11-00A0C91BC942}") = "training", "training.vcxproj", "{281F3AC6-FAD1-40F4-B798-F634A6162D39}"
EndProject
Project("{8BC9CEB8-8B4A-11D0-8D11-00A0C91BC942}") = "Engine", "Engine.vcxproj", "{D619B179-7FC4-4DB6-9794-1D3C75717D15}"
EndProject
Project("{8BC9CEB8-8B4A-11D0-8D11-00A0C91BC942}") = "effect", "effect.vcxproj", "{4F83287A-FF3C-4333-AD5F-C00B86CF0895}"
EndProject
Global
	GlobalSection(SolutionConfigurationPlatforms) = preSolution
		Debug|Win32 = Debug|Win32
		Debug|x64 = Debug|x64
		FZDebug|Win32 = FZDebug|Win32
		FZDebug|x64 = FZDebug|x64
		FZDebug-DX7|Win32 = FZDebug-DX7|Win32
		FZDebug-DX7|x64 = FZDebug-DX7|x64
		FZRetail|Win32 = FZRetail|Win32
		FZRetail|x64 = FZRetail|x64
		FZRetail-DX7|Win32 = FZRetail-DX7|Win32
		FZRetail-DX7|x64 = FZRetail-DX7|x64
		Retail|Win32 = Retail|Win32
		Retail|x64 = Retail|x64
	EndGlobalSection
	GlobalSection(ProjectConfigurationPlatforms) = postSolution
		{21C70CA0-24C5-475B-8C47-6F0226A374B0}.Debug|Win32.ActiveCfg = FZDebug|Win32
		{21C70CA0-24C5-475B-8C47-6F0226A374B0}.Debug|Win32.Build.0 = FZDebug|Win32
		{21C70CA0-24C5-475B-8C47-6F0226A374B0}.Debug|Win32.Deploy.0 = FZDebug|Win32
		{21C70CA0-24C5-475B-8C47-6F0226A374B0}.Debug|x64.ActiveCfg = FZRetail|Win32
		{21C70CA0-24C5-475B-8C47-6F0226A374B0}.Debug|x64.Build.0 = FZRetail|Win32
		{21C70CA0-24C5-475B-8C47-6F0226A374B0}.Debug|x64.Deploy.0 = FZRetail|Win32
		{21C70CA0-24C5-475B-8C47-6F0226A374B0}.FZDebug|Win32.ActiveCfg = FZDebug|Win32
		{21C70CA0-24C5-475B-8C47-6F0226A374B0}.FZDebug|Win32.Build.0 = FZDebug|Win32
		{21C70CA0-24C5-475B-8C47-6F0226A374B0}.FZDebug|x64.ActiveCfg = FZDebug|Win32
		{21C70CA0-24C5-475B-8C47-6F0226A374B0}.FZDebug-DX7|Win32.ActiveCfg = FZDebug-DX7|Win32
		{21C70CA0-24C5-475B-8C47-6F0226A374B0}.FZDebug-DX7|Win32.Build.0 = FZDebug-DX7|Win32
		{21C70CA0-24C5-475B-8C47-6F0226A374B0}.FZDebug-DX7|Win32.Deploy.0 = FZDebug-DX7|Win32
		{21C70CA0-24C5-475B-8C47-6F0226A374B0}.FZDebug-DX7|x64.ActiveCfg = FZRetail|Win32
		{21C70CA0-24C5-475B-8C47-6F0226A374B0}.FZDebug-DX7|x64.Build.0 = FZRetail|Win32
		{21C70CA0-24C5-475B-8C47-6F0226A374B0}.FZDebug-DX7|x64.Deploy.0 = FZRetail|Win32
		{21C70CA0-24C5-475B-8C47-6F0226A374B0}.FZRetail|Win32.ActiveCfg = FZRetail|Win32
		{21C70CA0-24C5-475B-8C47-6F0226A374B0}.FZRetail|Win32.Build.0 = FZRetail|Win32
		{21C70CA0-24C5-475B-8C47-6F0226A374B0}.FZRetail|x64.ActiveCfg = FZRetail|Win32
		{21C70CA0-24C5-475B-8C47-6F0226A374B0}.FZRetail-DX7|Win32.ActiveCfg = FZRetail-DX7|Win32
		{21C70CA0-24C5-475B-8C47-6F0226A374B0}.FZRetail-DX7|Win32.Build.0 = FZRetail-DX7|Win32
		{21C70CA0-24C5-475B-8C47-6F0226A374B0}.FZRetail-DX7|Win32.Deploy.0 = FZRetail-DX7|Win32
		{21C70CA0-24C5-475B-8C47-6F0226A374B0}.FZRetail-DX7|x64.ActiveCfg = FZRetail|Win32
		{21C70CA0-24C5-475B-8C47-6F0226A374B0}.FZRetail-DX7|x64.Build.0 = FZRetail|Win32
		{21C70CA0-24C5-475B-8C47-6F0226A374B0}.FZRetail-DX7|x64.Deploy.0 = FZRetail|Win32
		{21C70CA0-24C5-475B-8C47-6F0226A374B0}.Retail|Win32.ActiveCfg = FZRetail|Win32
		{21C70CA0-24C5-475B-8C47-6F0226A374B0}.Retail|Win32.Build.0 = FZRetail|Win32
		{21C70CA0-24C5-475B-8C47-6F0226A374B0}.Retail|Win32.Deploy.0 = FZRetail|Win32
		{21C70CA0-24C5-475B-8C47-6F0226A374B0}.Retail|x64.ActiveCfg = FZRetail|Win32
		{21C70CA0-24C5-475B-8C47-6F0226A374B0}.Retail|x64.Build.0 = FZRetail|Win32
		{21C70CA0-24C5-475B-8C47-6F0226A374B0}.Retail|x64.Deploy.0 = FZRetail|Win32
		{FA223B93-BCFB-48FA-B9DD-DB9DBBC8F314}.Debug|Win32.ActiveCfg = FZDebug|Win32
		{FA223B93-BCFB-48FA-B9DD-DB9DBBC8F314}.Debug|Win32.Build.0 = FZDebug|Win32
		{FA223B93-BCFB-48FA-B9DD-DB9DBBC8F314}.Debug|Win32.Deploy.0 = FZDebug|Win32
		{FA223B93-BCFB-48FA-B9DD-DB9DBBC8F314}.Debug|x64.ActiveCfg = FZRetail|Win32
		{FA223B93-BCFB-48FA-B9DD-DB9DBBC8F314}.Debug|x64.Build.0 = FZRetail|Win32
		{FA223B93-BCFB-48FA-B9DD-DB9DBBC8F314}.Debug|x64.Deploy.0 = FZRetail|Win32
		{FA223B93-BCFB-48FA-B9DD-DB9DBBC8F314}.FZDebug|Win32.ActiveCfg = FZDebug|Win32
		{FA223B93-BCFB-48FA-B9DD-DB9DBBC8F314}.FZDebug|Win32.Build.0 = FZDebug|Win32
		{FA223B93-BCFB-48FA-B9DD-DB9DBBC8F314}.FZDebug|x64.ActiveCfg = FZDebug|Win32
		{FA223B93-BCFB-48FA-B9DD-DB9DBBC8F314}.FZDebug-DX7|Win32.ActiveCfg = FZDebug|Win32
		{FA223B93-BCFB-48FA-B9DD-DB9DBBC8F314}.FZDebug-DX7|Win32.Build.0 = FZDebug|Win32
		{FA223B93-BCFB-48FA-B9DD-DB9DBBC8F314}.FZDebug-DX7|Win32.Deploy.0 = FZDebug|Win32
		{FA223B93-BCFB-48FA-B9DD-DB9DBBC8F314}.FZDebug-DX7|x64.ActiveCfg = FZRetail|Win32
		{FA223B93-BCFB-48FA-B9DD-DB9DBBC8F314}.FZDebug-DX7|x64.Build.0 = FZRetail|Win32
		{FA223B93-BCFB-48FA-B9DD-DB9DBBC8F314}.FZDebug-DX7|x64.Deploy.0 = FZRetail|Win32
		{FA223B93-BCFB-48FA-B9DD-DB9DBBC8F314}.FZRetail|Win32.ActiveCfg = FZRetail|Win32
		{FA223B93-BCFB-48FA-B9DD-DB9DBBC8F314}.FZRetail|Win32.Build.0 = FZRetail|Win32
		{FA223B93-BCFB-48FA-B9DD-DB9DBBC8F314}.FZRetail|x64.ActiveCfg = FZRetail|Win32
		{FA223B93-BCFB-48FA-B9DD-DB9DBBC8F314}.FZRetail-DX7|Win32.ActiveCfg = FZRetail|Win32
		{FA223B93-BCFB-48FA-B9DD-DB9DBBC8F314}.FZRetail-DX7|Win32.Build.0 = FZRetail|Win32
		{FA223B93-BCFB-48FA-B9DD-DB9DBBC8F314}.FZRetail-DX7|Win32.Deploy.0 = FZRetail|Win32
		{FA223B93-BCFB-48FA-B9DD-DB9DBBC8F314}.FZRetail-DX7|x64.ActiveCfg = FZRetail|Win32
		{FA223B93-BCFB-48FA-B9DD-DB9DBBC8F314}.FZRetail-DX7|x64.Build.0 = FZRetail|Win32
		{FA223B93-BCFB-48FA-B9DD-DB9DBBC8F314}.FZRetail-DX7|x64.Deploy.0 = FZRetail|Win32
		{FA223B93-BCFB-48FA-B9DD-DB9DBBC8F314}.Retail|Win32.ActiveCfg = FZRetail|Win32
		{FA223B93-BCFB-48FA-B9DD-DB9DBBC8F314}.Retail|Win32.Build.0 = FZRetail|Win32
		{FA223B93-BCFB-48FA-B9DD-DB9DBBC8F314}.Retail|Win32.Deploy.0 = FZRetail|Win32
		{FA223B93-BCFB-48FA-B9DD-DB9DBBC8F314}.Retail|x64.ActiveCfg = FZRetail|Win32
		{FA223B93-BCFB-48FA-B9DD-DB9DBBC8F314}.Retail|x64.Build.0 = FZRetail|Win32
		{FA223B93-BCFB-48FA-B9DD-DB9DBBC8F314}.Retail|x64.Deploy.0 = FZRetail|Win32
		{3853A2C5-F219-4C7D-841A-9407A7AEAE9D}.Debug|Win32.ActiveCfg = FZDebug|Win32
		{3853A2C5-F219-4C7D-841A-9407A7AEAE9D}.Debug|Win32.Build.0 = FZDebug|Win32
		{3853A2C5-F219-4C7D-841A-9407A7AEAE9D}.Debug|Win32.Deploy.0 = FZDebug|Win32
		{3853A2C5-F219-4C7D-841A-9407A7AEAE9D}.Debug|x64.ActiveCfg = FZRetail|Win32
		{3853A2C5-F219-4C7D-841A-9407A7AEAE9D}.Debug|x64.Build.0 = FZRetail|Win32
		{3853A2C5-F219-4C7D-841A-9407A7AEAE9D}.Debug|x64.Deploy.0 = FZRetail|Win32
		{3853A2C5-F219-4C7D-841A-9407A7AEAE9D}.FZDebug|Win32.ActiveCfg = FZDebug|Win32
		{3853A2C5-F219-4C7D-841A-9407A7AEAE9D}.FZDebug|Win32.Build.0 = FZDebug|Win32
		{3853A2C5-F219-4C7D-841A-9407A7AEAE9D}.FZDebug|x64.ActiveCfg = FZDebug|Win32
		{3853A2C5-F219-4C7D-841A-9407A7AEAE9D}.FZDebug-DX7|Win32.ActiveCfg = FZDebug|Win32
		{3853A2C5-F219-4C7D-841A-9407A7AEAE9D}.FZDebug-DX7|Win32.Build.0 = FZDebug|Win32
		{3853A2C5-F219-4C7D-841A-9407A7AEAE9D}.FZDebug-DX7|Win32.Deploy.0 = FZDebug|Win32
		{3853A2C5-F219-4C7D-841A-9407A7AEAE9D}.FZDebug-DX7|x64.ActiveCfg = FZRetail|Win32
		{3853A2C5-F219-4C7D-841A-9407A7AEAE9D}.FZDebug-DX7|x64.Build.0 = FZRetail|Win32
		{3853A2C5-F219-4C7D-841A-9407A7AEAE9D}.FZDebug-DX7|x64.Deploy.0 = FZRetail|Win32
		{3853A2C5-F219-4C7D-841A-9407A7AEAE9D}.FZRetail|Win32.ActiveCfg = FZRetail|Win32
		{3853A2C5-F219-4C7D-841A-9407A7AEAE9D}.FZRetail|Win32.Build.0 = FZRetail|Win32
		{3853A2C5-F219-4C7D-841A-9407A7AEAE9D}.FZRetail|x64.ActiveCfg = FZRetail|Win32
		{3853A2C5-F219-4C7D-841A-9407A7AEAE9D}.FZRetail-DX7|Win32.ActiveCfg = FZRetail|Win32
		{3853A2C5-F219-4C7D-841A-9407A7AEAE9D}.FZRetail-DX7|Win32.Build.0 = FZRetail|Win32
		{3853A2C5-F219-4C7D-841A-9407A7AEAE9D}.FZRetail-DX7|Win32.Deploy.0 = FZRetail|Win32
		{3853A2C5-F219-4C7D-841A-9407A7AEAE9D}.FZRetail-DX7|x64.ActiveCfg = FZRetail|Win32
		{3853A2C5-F219-4C7D-841A-9407A7AEAE9D}.FZRetail-DX7|x64.Build.0 = FZRetail|Win32
		{3853A2C5-F219-4C7D-841A-9407A7AEAE9D}.FZRetail-DX7|x64.Deploy.0 = FZRetail|Win32
		{3853A2C5-F219-4C7D-841A-9407A7AEAE9D}.Retail|Win32.ActiveCfg = FZRetail|Win32
		{3853A2C5-F219-4C7D-841A-9407A7AEAE9D}.Retail|Win32.Build.0 = FZRetail|Win32
		{3853A2C5-F219-4C7D-841A-9407A7AEAE9D}.Retail|Win32.Deploy.0 = FZRetail|Win32
		{3853A2C5-F219-4C7D-841A-9407A7AEAE9D}.Retail|x64.ActiveCfg = FZRetail|Win32
		{3853A2C5-F219-4C7D-841A-9407A7AEAE9D}.Retail|x64.Build.0 = FZRetail|Win32
		{3853A2C5-F219-4C7D-841A-9407A7AEAE9D}.Retail|x64.Deploy.0 = FZRetail|Win32
		{F81BB9EE-DD86-415E-87E3-B60732EFD72F}.Debug|Win32.ActiveCfg = FZDebug|Win32
		{F81BB9EE-DD86-415E-87E3-B60732EFD72F}.Debug|Win32.Build.0 = FZDebug|Win32
		{F81BB9EE-DD86-415E-87E3-B60732EFD72F}.Debug|Win32.Deploy.0 = FZDebug|Win32
		{F81BB9EE-DD86-415E-87E3-B60732EFD72F}.Debug|x64.ActiveCfg = FZRetail|Win32
		{F81BB9EE-DD86-415E-87E3-B60732EFD72F}.Debug|x64.Build.0 = FZRetail|Win32
		{F81BB9EE-DD86-415E-87E3-B60732EFD72F}.Debug|x64.Deploy.0 = FZRetail|Win32
		{F81BB9EE-DD86-415E-87E3-B60732EFD72F}.FZDebug|Win32.ActiveCfg = FZDebug|Win32
		{F81BB9EE-DD86-415E-87E3-B60732EFD72F}.FZDebug|Win32.Build.0 = FZDebug|Win32
		{F81BB9EE-DD86-415E-87E3-B60732EFD72F}.FZDebug|x64.ActiveCfg = FZDebug|Win32
		{F81BB9EE-DD86-415E-87E3-B60732EFD72F}.FZDebug-DX7|Win32.ActiveCfg = FZDebug|Win32
		{F81BB9EE-DD86-415E-87E3-B60732EFD72F}.FZDebug-DX7|Win32.Build.0 = FZDebug|Win32
		{F81BB9EE-DD86-415E-87E3-B60732EFD72F}.FZDebug-DX7|Win32.Deploy.0 = FZDebug|Win32
		{F81BB9EE-DD86-415E-87E3-B60732EFD72F}.FZDebug-DX7|x64.ActiveCfg = FZRetail|Win32
		{F81BB9EE-DD86-415E-87E3-B60732EFD72F}.FZDebug-DX7|x64.Build.0 = FZRetail|Win32
		{F81BB9EE-DD86-415E-87E3-B60732EFD72F}.FZDebug-DX7|x64.Deploy.0 = FZRetail|Win32
		{F81BB9EE-DD86-415E-87E3-B60732EFD72F}.FZRetail|Win32.ActiveCfg = FZRetail|Win32
		{F81BB9EE-DD86-415E-87E3-B60732EFD72F}.FZRetail|Win32.Build.0 = FZRetail|Win32
		{F81BB9EE-DD86-415E-87E3-B60732EFD72F}.FZRetail|x64.ActiveCfg = FZRetail|Win32
		{F81BB9EE-DD86-415E-87E3-B60732EFD72F}.FZRetail-DX7|Win32.ActiveCfg = FZRetail|Win32
		{F81BB9EE-DD86-415E-87E3-B60732EFD72F}.FZRetail-DX7|Win32.Build.0 = FZRetail|Win32
		{F81BB9EE-DD86-415E-87E3-B60732EFD72F}.FZRetail-DX7|Win32.Deploy.0 = FZRetail|Win32
		{F81BB9EE-DD86-415E-87E3-B60732EFD72F}.FZRetail-DX7|x64.ActiveCfg = FZRetail|Win32
		{F81BB9EE-DD86-415E-87E3-B60732EFD72F}.FZRetail-DX7|x64.Build.0 = FZRetail|Win32
		{F81BB9EE-DD86-415E-87E3-B60732EFD72F}.FZRetail-DX7|x64.Deploy.0 = FZRetail|Win32
		{F81BB9EE-DD86-415E-87E3-B60732EFD72F}.Retail|Win32.ActiveCfg = FZRetail|Win32
		{F81BB9EE-DD86-415E-87E3-B60732EFD72F}.Retail|Win32.Build.0 = FZRetail|Win32
		{F81BB9EE-DD86-415E-87E3-B60732EFD72F}.Retail|Win32.Deploy.0 = FZRetail|Win32
		{F81BB9EE-DD86-415E-87E3-B60732EFD72F}.Retail|x64.ActiveCfg = FZRetail|Win32
		{F81BB9EE-DD86-415E-87E3-B60732EFD72F}.Retail|x64.Build.0 = FZRetail|Win32
		{F81BB9EE-DD86-415E-87E3-B60732EFD72F}.Retail|x64.Deploy.0 = FZRetail|Win32
		{BF99DCB8-4127-4403-82C9-72190C6ABF5F}.Debug|Win32.ActiveCfg = FZDebug|Win32
		{BF99DCB8-4127-4403-82C9-72190C6ABF5F}.Debug|Win32.Build.0 = FZDebug|Win32
		{BF99DCB8-4127-4403-82C9-72190C6ABF5F}.Debug|Win32.Deploy.0 = FZDebug|Win32
		{BF99DCB8-4127-4403-82C9-72190C6ABF5F}.Debug|x64.ActiveCfg = FZRetail|Win32
		{BF99DCB8-4127-4403-82C9-72190C6ABF5F}.Debug|x64.Build.0 = FZRetail|Win32
		{BF99DCB8-4127-4403-82C9-72190C6ABF5F}.Debug|x64.Deploy.0 = FZRetail|Win32
		{BF99DCB8-4127-4403-82C9-72190C6ABF5F}.FZDebug|Win32.ActiveCfg = FZDebug|Win32
		{BF99DCB8-4127-4403-82C9-72190C6ABF5F}.FZDebug|Win32.Build.0 = FZDebug|Win32
		{BF99DCB8-4127-4403-82C9-72190C6ABF5F}.FZDebug|x64.ActiveCfg = FZDebug|Win32
		{BF99DCB8-4127-4403-82C9-72190C6ABF5F}.FZDebug-DX7|Win32.ActiveCfg = FZDebug|Win32
		{BF99DCB8-4127-4403-82C9-72190C6ABF5F}.FZDebug-DX7|Win32.Build.0 = FZDebug|Win32
		{BF99DCB8-4127-4403-82C9-72190C6ABF5F}.FZDebug-DX7|x64.ActiveCfg = FZRetail|Win32
		{BF99DCB8-4127-4403-82C9-72190C6ABF5F}.FZDebug-DX7|x64.Build.0 = FZRetail|Win32
		{BF99DCB8-4127-4403-82C9-72190C6ABF5F}.FZDebug-DX7|x64.Deploy.0 = FZRetail|Win32
		{BF99DCB8-4127-4403-82C9-72190C6ABF5F}.FZRetail|Win32.ActiveCfg = FZRetail|Win32
		{BF99DCB8-4127-4403-82C9-72190C6ABF5F}.FZRetail|Win32.Build.0 = FZRetail|Win32
		{BF99DCB8-4127-4403-82C9-72190C6ABF5F}.FZRetail|x64.ActiveCfg = FZRetail|Win32
		{BF99DCB8-4127-4403-82C9-72190C6ABF5F}.FZRetail-DX7|Win32.ActiveCfg = FZRetail|Win32
		{BF99DCB8-4127-4403-82C9-72190C6ABF5F}.FZRetail-DX7|Win32.Build.0 = FZRetail|Win32
		{BF99DCB8-4127-4403-82C9-72190C6ABF5F}.FZRetail-DX7|x64.ActiveCfg = FZRetail|Win32
		{BF99DCB8-4127-4403-82C9-72190C6ABF5F}.FZRetail-DX7|x64.Build.0 = FZRetail|Win32
		{BF99DCB8-4127-4403-82C9-72190C6ABF5F}.FZRetail-DX7|x64.Deploy.0 = FZRetail|Win32
		{BF99DCB8-4127-4403-82C9-72190C6ABF5F}.Retail|Win32.ActiveCfg = FZRetail|Win32
		{BF99DCB8-4127-4403-82C9-72190C6ABF5F}.Retail|Win32.Build.0 = FZRetail|Win32
		{BF99DCB8-4127-4403-82C9-72190C6ABF5F}.Retail|Win32.Deploy.0 = FZRetail|Win32
		{BF99DCB8-4127-4403-82C9-72190C6ABF5F}.Retail|x64.ActiveCfg = FZRetail|Win32
		{BF99DCB8-4127-4403-82C9-72190C6ABF5F}.Retail|x64.Build.0 = FZRetail|Win32
		{BF99DCB8-4127-4403-82C9-72190C6ABF5F}.Retail|x64.Deploy.0 = FZRetail|Win32
		{557CA42C-AA39-4C44-A998-0452F8C55851}.Debug|Win32.ActiveCfg = FZDebug|Win32
		{557CA42C-AA39-4C44-A998-0452F8C55851}.Debug|Win32.Build.0 = FZDebug|Win32
		{557CA42C-AA39-4C44-A998-0452F8C55851}.Debug|Win32.Deploy.0 = FZDebug|Win32
		{557CA42C-AA39-4C44-A998-0452F8C55851}.Debug|x64.ActiveCfg = FZRetail|Win32
		{557CA42C-AA39-4C44-A998-0452F8C55851}.Debug|x64.Build.0 = FZRetail|Win32
		{557CA42C-AA39-4C44-A998-0452F8C55851}.Debug|x64.Deploy.0 = FZRetail|Win32
		{557CA42C-AA39-4C44-A998-0452F8C55851}.FZDebug|Win32.ActiveCfg = FZRetail|Win32
		{557CA42C-AA39-4C44-A998-0452F8C55851}.FZDebug|Win32.Build.0 = FZRetail|Win32
		{557CA42C-AA39-4C44-A998-0452F8C55851}.FZDebug|x64.ActiveCfg = FZDebug|Win32
		{557CA42C-AA39-4C44-A998-0452F8C55851}.FZDebug-DX7|Win32.ActiveCfg = FZDebug|Win32
		{557CA42C-AA39-4C44-A998-0452F8C55851}.FZDebug-DX7|Win32.Build.0 = FZDebug|Win32
		{557CA42C-AA39-4C44-A998-0452F8C55851}.FZDebug-DX7|x64.ActiveCfg = FZRetail|Win32
		{557CA42C-AA39-4C44-A998-0452F8C55851}.FZDebug-DX7|x64.Build.0 = FZRetail|Win32
		{557CA42C-AA39-4C44-A998-0452F8C55851}.FZDebug-DX7|x64.Deploy.0 = FZRetail|Win32
		{557CA42C-AA39-4C44-A998-0452F8C55851}.FZRetail|Win32.ActiveCfg = FZRetail|Win32
		{557CA42C-AA39-4C44-A998-0452F8C55851}.FZRetail|Win32.Build.0 = FZRetail|Win32
		{557CA42C-AA39-4C44-A998-0452F8C55851}.FZRetail|x64.ActiveCfg = FZRetail|Win32
		{557CA42C-AA39-4C44-A998-0452F8C55851}.FZRetail-DX7|Win32.ActiveCfg = FZRetail|Win32
		{557CA42C-AA39-4C44-A998-0452F8C55851}.FZRetail-DX7|Win32.Build.0 = FZRetail|Win32
		{557CA42C-AA39-4C44-A998-0452F8C55851}.FZRetail-DX7|x64.ActiveCfg = FZRetail|Win32
		{557CA42C-AA39-4C44-A998-0452F8C55851}.FZRetail-DX7|x64.Build.0 = FZRetail|Win32
		{557CA42C-AA39-4C44-A998-0452F8C55851}.FZRetail-DX7|x64.Deploy.0 = FZRetail|Win32
		{557CA42C-AA39-4C44-A998-0452F8C55851}.Retail|Win32.ActiveCfg = FZRetail|Win32
		{557CA42C-AA39-4C44-A998-0452F8C55851}.Retail|Win32.Build.0 = FZRetail|Win32
		{557CA42C-AA39-4C44-A998-0452F8C55851}.Retail|Win32.Deploy.0 = FZRetail|Win32
		{557CA42C-AA39-4C44-A998-0452F8C55851}.Retail|x64.ActiveCfg = FZRetail|Win32
		{557CA42C-AA39-4C44-A998-0452F8C55851}.Retail|x64.Build.0 = FZRetail|Win32
		{557CA42C-AA39-4C44-A998-0452F8C55851}.Retail|x64.Deploy.0 = FZRetail|Win32
		{3702DB5A-C966-4133-824F-5958F4BF9BCF}.Debug|Win32.ActiveCfg = FZDebug|Win32
		{3702DB5A-C966-4133-824F-5958F4BF9BCF}.Debug|Win32.Build.0 = FZDebug|Win32
		{3702DB5A-C966-4133-824F-5958F4BF9BCF}.Debug|x64.ActiveCfg = FZRetail|Win32
		{3702DB5A-C966-4133-824F-5958F4BF9BCF}.Debug|x64.Build.0 = FZRetail|Win32
		{3702DB5A-C966-4133-824F-5958F4BF9BCF}.FZDebug|Win32.ActiveCfg = FZDebug|Win32
		{3702DB5A-C966-4133-824F-5958F4BF9BCF}.FZDebug|Win32.Build.0 = FZDebug|Win32
		{3702DB5A-C966-4133-824F-5958F4BF9BCF}.FZDebug|x64.ActiveCfg = FZDebug|Win32
		{3702DB5A-C966-4133-824F-5958F4BF9BCF}.FZDebug-DX7|Win32.ActiveCfg = FZDebug-DX7|Win32
		{3702DB5A-C966-4133-824F-5958F4BF9BCF}.FZDebug-DX7|Win32.Build.0 = FZDebug-DX7|Win32
		{3702DB5A-C966-4133-824F-5958F4BF9BCF}.FZDebug-DX7|x64.ActiveCfg = FZRetail|Win32
		{3702DB5A-C966-4133-824F-5958F4BF9BCF}.FZDebug-DX7|x64.Build.0 = FZRetail|Win32
		{3702DB5A-C966-4133-824F-5958F4BF9BCF}.FZRetail|Win32.ActiveCfg = FZRetail|Win32
		{3702DB5A-C966-4133-824F-5958F4BF9BCF}.FZRetail|Win32.Build.0 = FZRetail|Win32
		{3702DB5A-C966-4133-824F-5958F4BF9BCF}.FZRetail|x64.ActiveCfg = FZRetail|Win32
		{3702DB5A-C966-4133-824F-5958F4BF9BCF}.FZRetail-DX7|Win32.ActiveCfg = FZRetail-DX7|Win32
		{3702DB5A-C966-4133-824F-5958F4BF9BCF}.FZRetail-DX7|Win32.Build.0 = FZRetail-DX7|Win32
		{3702DB5A-C966-4133-824F-5958F4BF9BCF}.FZRetail-DX7|x64.ActiveCfg = FZRetail|Win32
		{3702DB5A-C966-4133-824F-5958F4BF9BCF}.FZRetail-DX7|x64.Build.0 = FZRetail|Win32
		{3702DB5A-C966-4133-824F-5958F4BF9BCF}.Retail|Win32.ActiveCfg = FZRetail|Win32
		{3702DB5A-C966-4133-824F-5958F4BF9BCF}.Retail|Win32.Build.0 = FZRetail|Win32
		{3702DB5A-C966-4133-824F-5958F4BF9BCF}.Retail|x64.ActiveCfg = FZRetail|Win32
		{3702DB5A-C966-4133-824F-5958F4BF9BCF}.Retail|x64.Build.0 = FZRetail|Win32
		{281F3AC6-FAD1-40F4-B798-F634A6162D39}.Debug|Win32.ActiveCfg = FZDebug|Win32
		{281F3AC6-FAD1-40F4-B798-F634A6162D39}.Debug|Win32.Build.0 = FZDebug|Win32
		{281F3AC6-FAD1-40F4-B798-F634A6162D39}.Debug|Win32.Deploy.0 = FZDebug|Win32
		{281F3AC6-FAD1-40F4-B798-F634A6162D39}.Debug|x64.ActiveCfg = FZRetail|Win32
		{281F3AC6-FAD1-40F4-B798-F634A6162D39}.Debug|x64.Build.0 = FZRetail|Win32
		{281F3AC6-FAD1-40F4-B798-F634A6162D39}.Debug|x64.Deploy.0 = FZRetail|Win32
		{281F3AC6-FAD1-40F4-B798-F634A6162D39}.FZDebug|Win32.ActiveCfg = FZDebug|Win32
		{281F3AC6-FAD1-40F4-B798-F634A6162D39}.FZDebug|Win32.Build.0 = FZDebug|Win32
		{281F3AC6-FAD1-40F4-B798-F634A6162D39}.FZDebug|x64.ActiveCfg = FZDebug|Win32
		{281F3AC6-FAD1-40F4-B798-F634A6162D39}.FZDebug-DX7|Win32.ActiveCfg = FZDebug|Win32
		{281F3AC6-FAD1-40F4-B798-F634A6162D39}.FZDebug-DX7|Win32.Build.0 = FZDebug|Win32
		{281F3AC6-FAD1-40F4-B798-F634A6162D39}.FZDebug-DX7|Win32.Deploy.0 = FZDebug|Win32
		{281F3AC6-FAD1-40F4-B798-F634A6162D39}.FZDebug-DX7|x64.ActiveCfg = FZRetail|Win32
		{281F3AC6-FAD1-40F4-B798-F634A6162D39}.FZDebug-DX7|x64.Build.0 = FZRetail|Win32
		{281F3AC6-FAD1-40F4-B798-F634A6162D39}.FZDebug-DX7|x64.Deploy.0 = FZRetail|Win32
		{281F3AC6-FAD1-40F4-B798-F634A6162D39}.FZRetail|Win32.ActiveCfg = FZRetail|Win32
		{281F3AC6-FAD1-40F4-B798-F634A6162D39}.FZRetail|Win32.Build.0 = FZRetail|Win32
		{281F3AC6-FAD1-40F4-B798-F634A6162D39}.FZRetail|x64.ActiveCfg = FZRetail|Win32
		{281F3AC6-FAD1-40F4-B798-F634A6162D39}.FZRetail-DX7|Win32.ActiveCfg = FZRetail|Win32
		{281F3AC6-FAD1-40F4-B798-F634A6162D39}.FZRetail-DX7|Win32.Build.0 = FZRetail|Win32
		{281F3AC6-FAD1-40F4-B798-F634A6162D39}.FZRetail-DX7|Win32.Deploy.0 = FZRetail|Win32
		{281F3AC6-FAD1-40F4-B798-F634A6162D39}.FZRetail-DX7|x64.ActiveCfg = FZRetail|Win32
		{281F3AC6-FAD1-40F4-B798-F634A6162D39}.FZRetail-DX7|x64.Build.0 = FZRetail|Win32
		{281F3AC6-FAD1-40F4-B798-F634A6162D39}.FZRetail-DX7|x64.Deploy.0 = FZRetail|Win32
		{281F3AC6-FAD1-40F4-B798-F634A6162D39}.Retail|Win32.ActiveCfg = FZRetail|Win32
		{281F3AC6-FAD1-40F4-B798-F634A6162D39}.Retail|Win32.Build.0 = FZRetail|Win32
		{281F3AC6-FAD1-40F4-B798-F634A6162D39}.Retail|Win32.Deploy.0 = FZRetail|Win32
		{281F3AC6-FAD1-40F4-B798-F634A6162D39}.Retail|x64.ActiveCfg = FZRetail|Win32
		{281F3AC6-FAD1-40F4-B798-F634A6162D39}.Retail|x64.Build.0 = FZRetail|Win32
		{281F3AC6-FAD1-40F4-B798-F634A6162D39}.Retail|x64.Deploy.0 = FZRetail|Win32
		{D619B179-7FC4-4DB6-9794-1D3C75717D15}.Debug|Win32.ActiveCfg = FZDebug|Win32
		{D619B179-7FC4-4DB6-9794-1D3C75717D15}.Debug|Win32.Build.0 = FZDebug|Win32
		{D619B179-7FC4-4DB6-9794-1D3C75717D15}.Debug|Win32.Deploy.0 = FZDebug|Win32
		{D619B179-7FC4-4DB6-9794-1D3C75717D15}.Debug|x64.ActiveCfg = FZRetail|Win32
		{D619B179-7FC4-4DB6-9794-1D3C75717D15}.Debug|x64.Build.0 = FZRetail|Win32
		{D619B179-7FC4-4DB6-9794-1D3C75717D15}.Debug|x64.Deploy.0 = FZRetail|Win32
		{D619B179-7FC4-4DB6-9794-1D3C75717D15}.FZDebug|Win32.ActiveCfg = FZDebug|Win32
		{D619B179-7FC4-4DB6-9794-1D3C75717D15}.FZDebug|Win32.Build.0 = FZDebug|Win32
		{D619B179-7FC4-4DB6-9794-1D3C75717D15}.FZDebug|x64.ActiveCfg = FZDebug|Win32
		{D619B179-7FC4-4DB6-9794-1D3C75717D15}.FZDebug-DX7|Win32.ActiveCfg = FZDebug|Win32
		{D619B179-7FC4-4DB6-9794-1D3C75717D15}.FZDebug-DX7|Win32.Build.0 = FZDebug|Win32
		{D619B179-7FC4-4DB6-9794-1D3C75717D15}.FZDebug-DX7|Win32.Deploy.0 = FZDebug|Win32
		{D619B179-7FC4-4DB6-9794-1D3C75717D15}.FZDebug-DX7|x64.ActiveCfg = FZRetail|Win32
		{D619B179-7FC4-4DB6-9794-1D3C75717D15}.FZDebug-DX7|x64.Build.0 = FZRetail|Win32
		{D619B179-7FC4-4DB6-9794-1D3C75717D15}.FZDebug-DX7|x64.Deploy.0 = FZRetail|Win32
		{D619B179-7FC4-4DB6-9794-1D3C75717D15}.FZRetail|Win32.ActiveCfg = FZRetail|Win32
		{D619B179-7FC4-4DB6-9794-1D3C75717D15}.FZRetail|Win32.Build.0 = FZRetail|Win32
		{D619B179-7FC4-4DB6-9794-1D3C75717D15}.FZRetail|x64.ActiveCfg = FZRetail|Win32
		{D619B179-7FC4-4DB6-9794-1D3C75717D15}.FZRetail-DX7|Win32.ActiveCfg = FZRetail|Win32
		{D619B179-7FC4-4DB6-9794-1D3C75717D15}.FZRetail-DX7|Win32.Build.0 = FZRetail|Win32
		{D619B179-7FC4-4DB6-9794-1D3C75717D15}.FZRetail-DX7|Win32.Deploy.0 = FZRetail|Win32
		{D619B179-7FC4-4DB6-9794-1D3C75717D15}.FZRetail-DX7|x64.ActiveCfg = FZRetail|Win32
		{D619B179-7FC4-4DB6-9794-1D3C75717D15}.FZRetail-DX7|x64.Build.0 = FZRetail|Win32
		{D619B179-7FC4-4DB6-9794-1D3C75717D15}.FZRetail-DX7|x64.Deploy.0 = FZRetail|Win32
		{D619B179-7FC4-4DB6-9794-1D3C75717D15}.Retail|Win32.ActiveCfg = FZRetail|Win32
		{D619B179-7FC4-4DB6-9794-1D3C75717D15}.Retail|Win32.Build.0 = FZRetail|Win32
		{D619B179-7FC4-4DB6-9794-1D3C75717D15}.Retail|Win32.Deploy.0 = FZRetail|Win32
		{D619B179-7FC4-4DB6-9794-1D3C75717D15}.Retail|x64.ActiveCfg = FZRetail|Win32
		{D619B179-7FC4-4DB6-9794-1D3C75717D15}.Retail|x64.Build.0 = FZRetail|Win32
		{D619B179-7FC4-4DB6-9794-1D3C75717D15}.Retail|x64.Deploy.0 = FZRetail|Win32
		{4F83287A-FF3C-4333-AD5F-C00B86CF0895}.Debug|Win32.ActiveCfg = FZDebug|Win32
		{4F83287A-FF3C-4333-AD5F-C00B86CF0895}.Debug|Win32.Build.0 = FZDebug|Win32
		{4F83287A-FF3C-4333-AD5F-C00B86CF0895}.Debug|Win32.Deploy.0 = FZDebug|Win32
		{4F83287A-FF3C-4333-AD5F-C00B86CF0895}.Debug|x64.ActiveCfg = FZRetail|Win32
		{4F83287A-FF3C-4333-AD5F-C00B86CF0895}.Debug|x64.Build.0 = FZRetail|Win32
		{4F83287A-FF3C-4333-AD5F-C00B86CF0895}.Debug|x64.Deploy.0 = FZRetail|Win32
		{4F83287A-FF3C-4333-AD5F-C00B86CF0895}.FZDebug|Win32.ActiveCfg = FZDebug|Win32
		{4F83287A-FF3C-4333-AD5F-C00B86CF0895}.FZDebug|Win32.Build.0 = FZDebug|Win32
		{4F83287A-FF3C-4333-AD5F-C00B86CF0895}.FZDebug|x64.ActiveCfg = FZDebug|Win32
		{4F83287A-FF3C-4333-AD5F-C00B86CF0895}.FZDebug-DX7|Win32.ActiveCfg = FZDebug|Win32
		{4F83287A-FF3C-4333-AD5F-C00B86CF0895}.FZDebug-DX7|Win32.Build.0 = FZDebug|Win32
		{4F83287A-FF3C-4333-AD5F-C00B86CF0895}.FZDebug-DX7|Win32.Deploy.0 = FZDebug|Win32
		{4F83287A-FF3C-4333-AD5F-C00B86CF0895}.FZDebug-DX7|x64.ActiveCfg = FZRetail|Win32
		{4F83287A-FF3C-4333-AD5F-C00B86CF0895}.FZDebug-DX7|x64.Build.0 = FZRetail|Win32
		{4F83287A-FF3C-4333-AD5F-C00B86CF0895}.FZDebug-DX7|x64.Deploy.0 = FZRetail|Win32
		{4F83287A-FF3C-4333-AD5F-C00B86CF0895}.FZRetail|Win32.ActiveCfg = FZRetail|Win32
		{4F83287A-FF3C-4333-AD5F-C00B86CF0895}.FZRetail|Win32.Build.0 = FZRetail|Win32
		{4F83287A-FF3C-4333-AD5F-C00B86CF0895}.FZRetail|x64.ActiveCfg = FZRetail|Win32
		{4F83287A-FF3C-4333-AD5F-C00B86CF0895}.FZRetail-DX7|Win32.ActiveCfg = FZRetail|Win32
		{4F83287A-FF3C-4333-AD5F-C00B86CF0895}.FZRetail-DX7|Win32.Build.0 = FZRetail|Win32
		{4F83287A-FF3C-4333-AD5F-C00B86CF0895}.FZRetail-DX7|Win32.Deploy.0 = FZRetail|Win32
		{4F83287A-FF3C-4333-AD5F-C00B86CF0895}.FZRetail-DX7|x64.ActiveCfg = FZRetail|Win32
		{4F83287A-FF3C-4333-AD5F-C00B86CF0895}.FZRetail-DX7|x64.Build.0 = FZRetail|Win32
		{4F83287A-FF3C-4333-AD5F-C00B86CF0895}.FZRetail-DX7|x64.Deploy.0 = FZRetail|Win32
		{4F83287A-FF3C-4333-AD5F-C00B86CF0895}.Retail|Win32.ActiveCfg = FZRetail|Win32
		{4F83287A-FF3C-4333-AD5F-C00B86CF0895}.Retail|Win32.Build.0 = FZRetail|Win32
		{4F83287A-FF3C-4333-AD5F-C00B86CF0895}.Retail|Win32.Deploy.0 = FZRetail|Win32
		{4F83287A-FF3C-4333-AD5F-C00B86CF0895}.Retail|x64.ActiveCfg = FZRetail|Win32
		{4F83287A-FF3C-4333-AD5F-C00B86CF0895}.Retail|x64.Build.0 = FZRetail|Win32
		{4F83287A-FF3C-4333-AD5F-C00B86CF0895}.Retail|x64.Deploy.0 = FZRetail|Win32
	EndGlobalSection
	GlobalSection(SolutionProperties) = preSolution
		HideSolutionNode = FALSE
	EndGlobalSection
	GlobalSection(NestedProjects) = preSolution
		{097F1EE3-FC08-412F-9A1A-1BD960818F05} = {CB653E02-7BBE-42DD-B662-71792DFD0513}
		{9F5D9D72-749F-4B6C-B134-416F54D3B7F6} = {CB653E02-7BBE-42DD-B662-71792DFD0513}
	EndGlobalSection
	GlobalSection(ExtensibilityGlobals) = postSolution
		SolutionGuid = {0B8C3243-9557-4BE7-BFA7-D847B1042E6E}
	EndGlobalSection
EndGlobal
